<Solution>
  <Folder Name="/Solution Items/">
    <File Path=".gitattributes" />
    <File Path=".gitignore" />
    <File Path="README.md" />
  </Folder>
  <Project Path="Yumalog.Tests/Yumalog.Tests.csproj" Id="24e0bf50-cf79-4939-b44f-7b06fe56fa02" />
  <Project Path="Yumalog/Yumalog.csproj" />
</Solution>
